// !$*UTF8*$!
{
	archiveVersion = 1;
	classes = {
	};
	objectVersion = 50;
	objects = {

/* Begin PBXBuildFile section */
		AA5F7C7324830EFC0010DA7A /* AppDelegate.swift in Sources */ = {isa = PBXBuildFile; fileRef = AA5F7C7224830EFC0010DA7A /* AppDelegate.swift */; };
		AA5F7C7524830EFC0010DA7A /* SceneDelegate.swift in Sources */ = {isa = PBXBuildFile; fileRef = AA5F7C7424830EFC0010DA7A /* SceneDelegate.swift */; };
		AA5F7C7724830EFC0010DA7A /* ToolViewController.swift in Sources */ = {isa = PBXBuildFile; fileRef = AA5F7C7624830EFC0010DA7A /* ToolViewController.swift */; };
		AA5F7C7A24830EFC0010DA7A /* Main.storyboard in Resources */ = {isa = PBXBuildFile; fileRef = AA5F7C7824830EFC0010DA7A /* Main.storyboard */; };
		AA5F7C7C24830EFE0010DA7A /* Assets.xcassets in Resources */ = {isa = PBXBuildFile; fileRef = AA5F7C7B24830EFE0010DA7A /* Assets.xcassets */; };
		AA5F7C7F24830EFE0010DA7A /* LaunchScreen.storyboard in Resources */ = {isa = PBXBuildFile; fileRef = AA5F7C7D24830EFE0010DA7A /* LaunchScreen.storyboard */; };
		AA5F7C8A24830EFE0010DA7A /* _18485_Bogus_awMatysik_ios3Tests.swift in Sources */ = {isa = PBXBuildFile; fileRef = AA5F7C8924830EFE0010DA7A /* _18485_Bogus_awMatysik_ios3Tests.swift */; };
		AA5F7C9524830EFE0010DA7A /* _18485_Bogus_awMatysik_ios3UITests.swift in Sources */ = {isa = PBXBuildFile; fileRef = AA5F7C9424830EFE0010DA7A /* _18485_Bogus_awMatysik_ios3UITests.swift */; };
		AA5F7CA32483164A0010DA7A /* ToolTableViewCell.swift in Sources */ = {isa = PBXBuildFile; fileRef = AA5F7CA22483164A0010DA7A /* ToolTableViewCell.swift */; };
		AA5F7CA52483A70B0010DA7A /* ToolTableViewController.swift in Sources */ = {isa = PBXBuildFile; fileRef = AA5F7CA42483A70B0010DA7A /* ToolTableViewController.swift */; };
		AA5F7CB12483D05B0010DA7A /* Tool.swift in Sources */ = {isa = PBXBuildFile; fileRef = AA5F7CB02483D05B0010DA7A /* Tool.swift */; };
/* End PBXBuildFile section */

/* Begin PBXContainerItemProxy section */
		AA5F7C8624830EFE0010DA7A /* PBXContainerItemProxy */ = {
			isa = PBXContainerItemProxy;
			containerPortal = AA5F7C6724830EFC0010DA7A /* Project object */;
			proxyType = 1;
			remoteGlobalIDString = AA5F7C6E24830EFC0010DA7A;
			remoteInfo = "218485.BogusławMatysik.ios3";
		};
		AA5F7C9124830EFE0010DA7A /* PBXContainerItemProxy */ = {
			isa = PBXContainerItemProxy;
			containerPortal = AA5F7C6724830EFC0010DA7A /* Project object */;
			proxyType = 1;
			remoteGlobalIDString = AA5F7C6E24830EFC0010DA7A;
			remoteInfo = "218485.BogusławMatysik.ios3";
		};
/* End PBXContainerItemProxy section */

/* Begin PBXFileReference section */
		AA5F7C6F24830EFC0010DA7A /* 218485.BogusławMatysik.ios3.app */ = {isa = PBXFileReference; explicitFileType = wrapper.application; includeInIndex = 0; path = "218485.BogusławMatysik.ios3.app"; sourceTree = BUILT_PRODUCTS_DIR; };
		AA5F7C7224830EFC0010DA7A /* AppDelegate.swift */ = {isa = PBXFileReference; lastKnownFileType = sourcecode.swift; path = AppDelegate.swift; sourceTree = "<group>"; };
		AA5F7C7424830EFC0010DA7A /* SceneDelegate.swift */ = {isa = PBXFileReference; lastKnownFileType = sourcecode.swift; path = SceneDelegate.swift; sourceTree = "<group>"; };
		AA5F7C7624830EFC0010DA7A /* ToolViewController.swift */ = {isa = PBXFileReference; lastKnownFileType = sourcecode.swift; path = ToolViewController.swift; sourceTree = "<group>"; };
		AA5F7C7924830EFC0010DA7A /* Base */ = {isa = PBXFileReference; lastKnownFileType = file.storyboard; name = Base; path = Base.lproj/Main.storyboard; sourceTree = "<group>"; };
		AA5F7C7B24830EFE0010DA7A /* Assets.xcassets */ = {isa = PBXFileReference; lastKnownFileType = folder.assetcatalog; path = Assets.xcassets; sourceTree = "<group>"; };
		AA5F7C7E24830EFE0010DA7A /* Base */ = {isa = PBXFileReference; lastKnownFileType = file.storyboard; name = Base; path = Base.lproj/LaunchScreen.storyboard; sourceTree = "<group>"; };
		AA5F7C8024830EFE0010DA7A /* Info.plist */ = {isa = PBXFileReference; lastKnownFileType = text.plist.xml; path = Info.plist; sourceTree = "<group>"; };
		AA5F7C8524830EFE0010DA7A /* 218485.BogusławMatysik.ios3Tests.xctest */ = {isa = PBXFileReference; explicitFileType = wrapper.cfbundle; includeInIndex = 0; path = "218485.BogusławMatysik.ios3Tests.xctest"; sourceTree = BUILT_PRODUCTS_DIR; };
		AA5F7C8924830EFE0010DA7A /* _18485_Bogus_awMatysik_ios3Tests.swift */ = {isa = PBXFileReference; lastKnownFileType = sourcecode.swift; path = _18485_Bogus_awMatysik_ios3Tests.swift; sourceTree = "<group>"; };
		AA5F7C8B24830EFE0010DA7A /* Info.plist */ = {isa = PBXFileReference; lastKnownFileType = text.plist.xml; path = Info.plist; sourceTree = "<group>"; };
		AA5F7C9024830EFE0010DA7A /* 218485.BogusławMatysik.ios3UITests.xctest */ = {isa = PBXFileReference; explicitFileType = wrapper.cfbundle; includeInIndex = 0; path = "218485.BogusławMatysik.ios3UITests.xctest"; sourceTree = BUILT_PRODUCTS_DIR; };
		AA5F7C9424830EFE0010DA7A /* _18485_Bogus_awMatysik_ios3UITests.swift */ = {isa = PBXFileReference; lastKnownFileType = sourcecode.swift; path = _18485_Bogus_awMatysik_ios3UITests.swift; sourceTree = "<group>"; };
		AA5F7C9624830EFE0010DA7A /* Info.plist */ = {isa = PBXFileReference; lastKnownFileType = text.plist.xml; path = Info.plist; sourceTree = "<group>"; };
		AA5F7CA22483164A0010DA7A /* ToolTableViewCell.swift */ = {isa = PBXFileReference; lastKnownFileType = sourcecode.swift; path = ToolTableViewCell.swift; sourceTree = "<group>"; };
		AA5F7CA42483A70B0010DA7A /* ToolTableViewController.swift */ = {isa = PBXFileReference; lastKnownFileType = sourcecode.swift; path = ToolTableViewController.swift; sourceTree = "<group>"; };
		AA5F7CB02483D05B0010DA7A /* Tool.swift */ = {isa = PBXFileReference; lastKnownFileType = sourcecode.swift; path = Tool.swift; sourceTree = "<group>"; };
/* End PBXFileReference section */

/* Begin PBXFrameworksBuildPhase section */
		AA5F7C6C24830EFC0010DA7A /* Frameworks */ = {
			isa = PBXFrameworksBuildPhase;
			buildActionMask = 2147483647;
			files = (
			);
			runOnlyForDeploymentPostprocessing = 0;
		};
		AA5F7C8224830EFE0010DA7A /* Frameworks */ = {
			isa = PBXFrameworksBuildPhase;
			buildActionMask = 2147483647;
			files = (
			);
			runOnlyForDeploymentPostprocessing = 0;
		};
		AA5F7C8D24830EFE0010DA7A /* Frameworks */ = {
			isa = PBXFrameworksBuildPhase;
			buildActionMask = 2147483647;
			files = (
			);
			runOnlyForDeploymentPostprocessing = 0;
		};
/* End PBXFrameworksBuildPhase section */

/* Begin PBXGroup section */
		AA5F7C6624830EFC0010DA7A = {
			isa = PBXGroup;
			children = (
				AA5F7CB02483D05B0010DA7A /* Tool.swift */,
				AA5F7C7124830EFC0010DA7A /* 218485.BogusławMatysik.ios3 */,
				AA5F7C8824830EFE0010DA7A /* 218485.BogusławMatysik.ios3Tests */,
				AA5F7C9324830EFE0010DA7A /* 218485.BogusławMatysik.ios3UITests */,
				AA5F7C7024830EFC0010DA7A /* Products */,
			);
			sourceTree = "<group>";
		};
		AA5F7C7024830EFC0010DA7A /* Products */ = {
			isa = PBXGroup;
			children = (
				AA5F7C6F24830EFC0010DA7A /* 218485.BogusławMatysik.ios3.app */,
				AA5F7C8524830EFE0010DA7A /* 218485.BogusławMatysik.ios3Tests.xctest */,
				AA5F7C9024830EFE0010DA7A /* 218485.BogusławMatysik.ios3UITests.xctest */,
			);
			name = Products;
			sourceTree = "<group>";
		};
		AA5F7C7124830EFC0010DA7A /* 218485.BogusławMatysik.ios3 */ = {
			isa = PBXGroup;
			children = (
				AA5F7C7224830EFC0010DA7A /* AppDelegate.swift */,
				AA5F7C7424830EFC0010DA7A /* SceneDelegate.swift */,
				AA5F7C7624830EFC0010DA7A /* ToolViewController.swift */,
				AA5F7CA22483164A0010DA7A /* ToolTableViewCell.swift */,
				AA5F7CA42483A70B0010DA7A /* ToolTableViewController.swift */,
				AA5F7C7824830EFC0010DA7A /* Main.storyboard */,
				AA5F7C7B24830EFE0010DA7A /* Assets.xcassets */,
				AA5F7C7D24830EFE0010DA7A /* LaunchScreen.storyboard */,
				AA5F7C8024830EFE0010DA7A /* Info.plist */,
			);
			path = "218485.BogusławMatysik.ios3";
			sourceTree = "<group>";
		};
		AA5F7C8824830EFE0010DA7A /* 218485.BogusławMatysik.ios3Tests */ = {
			isa = PBXGroup;
			children = (
				AA5F7C8924830EFE0010DA7A /* _18485_Bogus_awMatysik_ios3Tests.swift */,
				AA5F7C8B24830EFE0010DA7A /* Info.plist */,
			);
			path = "218485.BogusławMatysik.ios3Tests";
			sourceTree = "<group>";
		};
		AA5F7C9324830EFE0010DA7A /* 218485.BogusławMatysik.ios3UITests */ = {
			isa = PBXGroup;
			children = (
				AA5F7C9424830EFE0010DA7A /* _18485_Bogus_awMatysik_ios3UITests.swift */,
				AA5F7C9624830EFE0010DA7A /* Info.plist */,
			);
			path = "218485.BogusławMatysik.ios3UITests";
			sourceTree = "<group>";
		};
/* End PBXGroup section */

/* Begin PBXNativeTarget section */
		AA5F7C6E24830EFC0010DA7A /* 218485.BogusławMatysik.ios3 */ = {
			isa = PBXNativeTarget;
			buildConfigurationList = AA5F7C9924830EFE0010DA7A /* Build configuration list for PBXNativeTarget "218485.BogusławMatysik.ios3" */;
			buildPhases = (
				AA5F7C6B24830EFC0010DA7A /* Sources */,
				AA5F7C6C24830EFC0010DA7A /* Frameworks */,
				AA5F7C6D24830EFC0010DA7A /* Resources */,
			);
			buildRules = (
			);
			dependencies = (
			);
			name = "218485.BogusławMatysik.ios3";
			productName = "218485.BogusławMatysik.ios3";
			productReference = AA5F7C6F24830EFC0010DA7A /* 218485.BogusławMatysik.ios3.app */;
			productType = "com.apple.product-type.application";
		};
		AA5F7C8424830EFE0010DA7A /* 218485.BogusławMatysik.ios3Tests */ = {
			isa = PBXNativeTarget;
			buildConfigurationList = AA5F7C9C24830EFE0010DA7A /* Build configuration list for PBXNativeTarget "218485.BogusławMatysik.ios3Tests" */;
			buildPhases = (
				AA5F7C8124830EFE0010DA7A /* Sources */,
				AA5F7C8224830EFE0010DA7A /* Frameworks */,
				AA5F7C8324830EFE0010DA7A /* Resources */,
			);
			buildRules = (
			);
			dependencies = (
				AA5F7C8724830EFE0010DA7A /* PBXTargetDependency */,
			);
			name = "218485.BogusławMatysik.ios3Tests";
			productName = "218485.BogusławMatysik.ios3Tests";
			productReference = AA5F7C8524830EFE0010DA7A /* 218485.BogusławMatysik.ios3Tests.xctest */;
			productType = "com.apple.product-type.bundle.unit-test";
		};
		AA5F7C8F24830EFE0010DA7A /* 218485.BogusławMatysik.ios3UITests */ = {
			isa = PBXNativeTarget;
			buildConfigurationList = AA5F7C9F24830EFE0010DA7A /* Build configuration list for PBXNativeTarget "218485.BogusławMatysik.ios3UITests" */;
			buildPhases = (
				AA5F7C8C24830EFE0010DA7A /* Sources */,
				AA5F7C8D24830EFE0010DA7A /* Frameworks */,
				AA5F7C8E24830EFE0010DA7A /* Resources */,
			);
			buildRules = (
			);
			dependencies = (
				AA5F7C9224830EFE0010DA7A /* PBXTargetDependency */,
			);
			name = "218485.BogusławMatysik.ios3UITests";
			productName = "218485.BogusławMatysik.ios3UITests";
			productReference = AA5F7C9024830EFE0010DA7A /* 218485.BogusławMatysik.ios3UITests.xctest */;
			productType = "com.apple.product-type.bundle.ui-testing";
		};
/* End PBXNativeTarget section */

/* Begin PBXProject section */
		AA5F7C6724830EFC0010DA7A /* Project object */ = {
			isa = PBXProject;
			attributes = {
				LastSwiftUpdateCheck = 1150;
				LastUpgradeCheck = 1150;
				ORGANIZATIONNAME = "Bogusław Matysik";
				TargetAttributes = {
					AA5F7C6E24830EFC0010DA7A = {
						CreatedOnToolsVersion = 11.5;
					};
					AA5F7C8424830EFE0010DA7A = {
						CreatedOnToolsVersion = 11.5;
						TestTargetID = AA5F7C6E24830EFC0010DA7A;
					};
					AA5F7C8F24830EFE0010DA7A = {
						CreatedOnToolsVersion = 11.5;
						TestTargetID = AA5F7C6E24830EFC0010DA7A;
					};
				};
			};
			buildConfigurationList = AA5F7C6A24830EFC0010DA7A /* Build configuration list for PBXProject "218485.BogusławMatysik.ios3" */;
			compatibilityVersion = "Xcode 9.3";
			developmentRegion = en;
			hasScannedForEncodings = 0;
			knownRegions = (
				en,
				Base,
			);
			mainGroup = AA5F7C6624830EFC0010DA7A;
			productRefGroup = AA5F7C7024830EFC0010DA7A /* Products */;
			projectDirPath = "";
			projectRoot = "";
			targets = (
				AA5F7C6E24830EFC0010DA7A /* 218485.BogusławMatysik.ios3 */,
				AA5F7C8424830EFE0010DA7A /* 218485.BogusławMatysik.ios3Tests */,
				AA5F7C8F24830EFE0010DA7A /* 218485.BogusławMatysik.ios3UITests */,
			);
		};
/* End PBXProject section */

/* Begin PBXResourcesBuildPhase section */
		AA5F7C6D24830EFC0010DA7A /* Resources */ = {
			isa = PBXResourcesBuildPhase;
			buildActionMask = 2147483647;
			files = (
				AA5F7C7F24830EFE0010DA7A /* LaunchScreen.storyboard in Resources */,
				AA5F7C7C24830EFE0010DA7A /* Assets.xcassets in Resources */,
				AA5F7C7A24830EFC0010DA7A /* Main.storyboard in Resources */,
			);
			runOnlyForDeploymentPostprocessing = 0;
		};
		AA5F7C8324830EFE0010DA7A /* Resources */ = {
			isa = PBXResourcesBuildPhase;
			buildActionMask = 2147483647;
			files = (
			);
			runOnlyForDeploymentPostprocessing = 0;
		};
		AA5F7C8E24830EFE0010DA7A /* Resources */ = {
			isa = PBXResourcesBuildPhase;
			buildActionMask = 2147483647;
			files = (
			);
			runOnlyForDeploymentPostprocessing = 0;
		};
/* End PBXResourcesBuildPhase section */

/* Begin PBXSourcesBuildPhase section */
		AA5F7C6B24830EFC0010DA7A /* Sources */ = {
			isa = PBXSourcesBuildPhase;
			buildActionMask = 2147483647;
			files = (
				AA5F7C7724830EFC0010DA7A /* ToolViewController.swift in Sources */,
				AA5F7C7324830EFC0010DA7A /* AppDelegate.swift in Sources */,
				AA5F7C7524830EFC0010DA7A /* SceneDelegate.swift in Sources */,
				AA5F7CB12483D05B0010DA7A /* Tool.swift in Sources */,
				AA5F7CA52483A70B0010DA7A /* ToolTableViewController.swift in Sources */,
				AA5F7CA32483164A0010DA7A /* ToolTableViewCell.swift in Sources */,
			);
			runOnlyForDeploymentPostprocessing = 0;
		};
		AA5F7C8124830EFE0010DA7A /* Sources */ = {
			isa = PBXSourcesBuildPhase;
			buildActionMask = 2147483647;
			files = (
				AA5F7C8A24830EFE0010DA7A /* _18485_Bogus_awMatysik_ios3Tests.swift in Sources */,
			);
			runOnlyForDeploymentPostprocessing = 0;
		};
		AA5F7C8C24830EFE0010DA7A /* Sources */ = {
			isa = PBXSourcesBuildPhase;
			buildActionMask = 2147483647;
			files = (
				AA5F7C9524830EFE0010DA7A /* _18485_Bogus_awMatysik_ios3UITests.swift in Sources */,
			);
			runOnlyForDeploymentPostprocessing = 0;
		};
/* End PBXSourcesBuildPhase section */

/* Begin PBXTargetDependency section */
		AA5F7C8724830EFE0010DA7A /* PBXTargetDependency */ = {
			isa = PBXTargetDependency;
			target = AA5F7C6E24830EFC0010DA7A /* 218485.BogusławMatysik.ios3 */;
			targetProxy = AA5F7C8624830EFE0010DA7A /* PBXContainerItemProxy */;
		};
		AA5F7C9224830EFE0010DA7A /* PBXTargetDependency */ = {
			isa = PBXTargetDependency;
			target = AA5F7C6E24830EFC0010DA7A /* 218485.BogusławMatysik.ios3 */;
			targetProxy = AA5F7C9124830EFE0010DA7A /* PBXContainerItemProxy */;
		};
/* End PBXTargetDependency section */

/* Begin PBXVariantGroup section */
		AA5F7C7824830EFC0010DA7A /* Main.storyboard */ = {
			isa = PBXVariantGroup;
			children = (
				AA5F7C7924830EFC0010DA7A /* Base */,
			);
			name = Main.storyboard;
			sourceTree = "<group>";
		};
		AA5F7C7D24830EFE0010DA7A /* LaunchScreen.storyboard */ = {
			isa = PBXVariantGroup;
			children = (
				AA5F7C7E24830EFE0010DA7A /* Base */,
			);
			name = LaunchScreen.storyboard;
			sourceTree = "<group>";
		};
/* End PBXVariantGroup section */

/* Begin XCBuildConfiguration section */
		AA5F7C9724830EFE0010DA7A /* Debug */ = {
			isa = XCBuildConfiguration;
			buildSettings = {
				ALWAYS_SEARCH_USER_PATHS = NO;
				CLANG_ANALYZER_NONNULL = YES;
				CLANG_ANALYZER_NUMBER_OBJECT_CONVERSION = YES_AGGRESSIVE;
				CLANG_CXX_LANGUAGE_STANDARD = "gnu++14";
				CLANG_CXX_LIBRARY = "libc++";
				CLANG_ENABLE_MODULES = YES;
				CLANG_ENABLE_OBJC_ARC = YES;
				CLANG_ENABLE_OBJC_WEAK = YES;
				CLANG_WARN_BLOCK_CAPTURE_AUTORELEASING = YES;
				CLANG_WARN_BOOL_CONVERSION = YES;
				CLANG_WARN_COMMA = YES;
				CLANG_WARN_CONSTANT_CONVERSION = YES;
				CLANG_WARN_DEPRECATED_OBJC_IMPLEMENTATIONS = YES;
				CLANG_WARN_DIRECT_OBJC_ISA_USAGE = YES_ERROR;
				CLANG_WARN_DOCUMENTATION_COMMENTS = YES;
				CLANG_WARN_EMPTY_BODY = YES;
				CLANG_WARN_ENUM_CONVERSION = YES;
				CLANG_WARN_INFINITE_RECURSION = YES;
				CLANG_WARN_INT_CONVERSION = YES;
				CLANG_WARN_NON_LITERAL_NULL_CONVERSION = YES;
				CLANG_WARN_OBJC_IMPLICIT_RETAIN_SELF = YES;
				CLANG_WARN_OBJC_LITERAL_CONVERSION = YES;
				CLANG_WARN_OBJC_ROOT_CLASS = YES_ERROR;
				CLANG_WARN_RANGE_LOOP_ANALYSIS = YES;
				CLANG_WARN_STRICT_PROTOTYPES = YES;
				CLANG_WARN_SUSPICIOUS_MOVE = YES;
				CLANG_WARN_UNGUARDED_AVAILABILITY = YES_AGGRESSIVE;
				CLANG_WARN_UNREACHABLE_CODE = YES;
				CLANG_WARN__DUPLICATE_METHOD_MATCH = YES;
				COPY_PHASE_STRIP = NO;
				DEBUG_INFORMATION_FORMAT = dwarf;
				ENABLE_STRICT_OBJC_MSGSEND = YES;
				ENABLE_TESTABILITY = YES;
				GCC_C_LANGUAGE_STANDARD = gnu11;
				GCC_DYNAMIC_NO_PIC = NO;
				GCC_NO_COMMON_BLOCKS = YES;
				GCC_OPTIMIZATION_LEVEL = 0;
				GCC_PREPROCESSOR_DEFINITIONS = (
					"DEBUG=1",
					"$(inherited)",
				);
				GCC_WARN_64_TO_32_BIT_CONVERSION = YES;
				GCC_WARN_ABOUT_RETURN_TYPE = YES_ERROR;
				GCC_WARN_UNDECLARED_SELECTOR = YES;
				GCC_WARN_UNINITIALIZED_AUTOS = YES_AGGRESSIVE;
				GCC_WARN_UNUSED_FUNCTION = YES;
				GCC_WARN_UNUSED_VARIABLE = YES;
				IPHONEOS_DEPLOYMENT_TARGET = 13.5;
				MTL_ENABLE_DEBUG_INFO = INCLUDE_SOURCE;
				MTL_FAST_MATH = YES;
				ONLY_ACTIVE_ARCH = YES;
				SDKROOT = iphoneos;
				SWIFT_ACTIVE_COMPILATION_CONDITIONS = DEBUG;
				SWIFT_OPTIMIZATION_LEVEL = "-Onone";
			};
			name = Debug;
		};
		AA5F7C9824830EFE0010DA7A /* Release */ = {
			isa = XCBuildConfiguration;
			buildSettings = {
				ALWAYS_SEARCH_USER_PATHS = NO;
				CLANG_ANALYZER_NONNULL = YES;
				CLANG_ANALYZER_NUMBER_OBJECT_CONVERSION = YES_AGGRESSIVE;
				CLANG_CXX_LANGUAGE_STANDARD = "gnu++14";
				CLANG_CXX_LIBRARY = "libc++";
				CLANG_ENABLE_MODULES = YES;
				CLANG_ENABLE_OBJC_ARC = YES;
				CLANG_ENABLE_OBJC_WEAK = YES;
				CLANG_WARN_BLOCK_CAPTURE_AUTORELEASING = YES;
				CLANG_WARN_BOOL_CONVERSION = YES;
				CLANG_WARN_COMMA = YES;
				CLANG_WARN_CONSTANT_CONVERSION = YES;
				CLANG_WARN_DEPRECATED_OBJC_IMPLEMENTATIONS = YES;
				CLANG_WARN_DIRECT_OBJC_ISA_USAGE = YES_ERROR;
				CLANG_WARN_DOCUMENTATION_COMMENTS = YES;
				CLANG_WARN_EMPTY_BODY = YES;
				CLANG_WARN_ENUM_CONVERSION = YES;
				CLANG_WARN_INFINITE_RECURSION = YES;
				CLANG_WARN_INT_CONVERSION = YES;
				CLANG_WARN_NON_LITERAL_NULL_CONVERSION = YES;
				CLANG_WARN_OBJC_IMPLICIT_RETAIN_SELF = YES;
				CLANG_WARN_OBJC_LITERAL_CONVERSION = YES;
				CLANG_WARN_OBJC_ROOT_CLASS = YES_ERROR;
				CLANG_WARN_RANGE_LOOP_ANALYSIS = YES;
				CLANG_WARN_STRICT_PROTOTYPES = YES;
				CLANG_WARN_SUSPICIOUS_MOVE = YES;
				CLANG_WARN_UNGUARDED_AVAILABILITY = YES_AGGRESSIVE;
				CLANG_WARN_UNREACHABLE_CODE = YES;
				CLANG_WARN__DUPLICATE_METHOD_MATCH = YES;
				COPY_PHASE_STRIP = NO;
				DEBUG_INFORMATION_FORMAT = "dwarf-with-dsym";
				ENABLE_NS_ASSERTIONS = NO;
				ENABLE_STRICT_OBJC_MSGSEND = YES;
				GCC_C_LANGUAGE_STANDARD = gnu11;
				GCC_NO_COMMON_BLOCKS = YES;
				GCC_WARN_64_TO_32_BIT_CONVERSION = YES;
				GCC_WARN_ABOUT_RETURN_TYPE = YES_ERROR;
				GCC_WARN_UNDECLARED_SELECTOR = YES;
				GCC_WARN_UNINITIALIZED_AUTOS = YES_AGGRESSIVE;
				GCC_WARN_UNUSED_FUNCTION = YES;
				GCC_WARN_UNUSED_VARIABLE = YES;
				IPHONEOS_DEPLOYMENT_TARGET = 13.5;
				MTL_ENABLE_DEBUG_INFO = NO;
				MTL_FAST_MATH = YES;
				SDKROOT = iphoneos;
				SWIFT_COMPILATION_MODE = wholemodule;
				SWIFT_OPTIMIZATION_LEVEL = "-O";
				VALIDATE_PRODUCT = YES;
			};
			name = Release;
		};
		AA5F7C9A24830EFE0010DA7A /* Debug */ = {
			isa = XCBuildConfiguration;
			buildSettings = {
				ASSETCATALOG_COMPILER_APPICON_NAME = AppIcon;
				CODE_SIGN_STYLE = Automatic;
				INFOPLIST_FILE = "218485.BogusławMatysik.ios3/Info.plist";
				LD_RUNPATH_SEARCH_PATHS = (
					"$(inherited)",
					"@executable_path/Frameworks",
				);
				PRODUCT_BUNDLE_IDENTIFIER = "com.lab3.-18485-Bogus-awMatysik-ios3";
				PRODUCT_NAME = "$(TARGET_NAME)";
				SWIFT_VERSION = 5.0;
				TARGETED_DEVICE_FAMILY = "1,2";
			};
			name = Debug;
		};
		AA5F7C9B24830EFE0010DA7A /* Release */ = {
			isa = XCBuildConfiguration;
			buildSettings = {
				ASSETCATALOG_COMPILER_APPICON_NAME = AppIcon;
				CODE_SIGN_STYLE = Automatic;
				INFOPLIST_FILE = "218485.BogusławMatysik.ios3/Info.plist";
				LD_RUNPATH_SEARCH_PATHS = (
					"$(inherited)",
					"@executable_path/Frameworks",
				);
				PRODUCT_BUNDLE_IDENTIFIER = "com.lab3.-18485-Bogus-awMatysik-ios3";
				PRODUCT_NAME = "$(TARGET_NAME)";
				SWIFT_VERSION = 5.0;
				TARGETED_DEVICE_FAMILY = "1,2";
			};
			name = Release;
		};
		AA5F7C9D24830EFE0010DA7A /* Debug */ = {
			isa = XCBuildConfiguration;
			buildSettings = {
				ALWAYS_EMBED_SWIFT_STANDARD_LIBRARIES = YES;
				BUNDLE_LOADER = "$(TEST_HOST)";
				CODE_SIGN_STYLE = Automatic;
				INFOPLIST_FILE = "218485.BogusławMatysik.ios3Tests/Info.plist";
				IPHONEOS_DEPLOYMENT_TARGET = 13.5;
				LD_RUNPATH_SEARCH_PATHS = (
					"$(inherited)",
					"@executable_path/Frameworks",
					"@loader_path/Frameworks",
				);
				PRODUCT_BUNDLE_IDENTIFIER = "com.lab3.-18485-Bogus-awMatysik-ios3Tests";
				PRODUCT_NAME = "$(TARGET_NAME)";
				SWIFT_VERSION = 5.0;
				TARGETED_DEVICE_FAMILY = "1,2";
				TEST_HOST = "$(BUILT_PRODUCTS_DIR)/218485.BogusławMatysik.ios3.app/218485.BogusławMatysik.ios3";
			};
			name = Debug;
		};
		AA5F7C9E24830EFE0010DA7A /* Release */ = {
			isa = XCBuildConfiguration;
			buildSettings = {
				ALWAYS_EMBED_SWIFT_STANDARD_LIBRARIES = YES;
				BUNDLE_LOADER = "$(TEST_HOST)";
				CODE_SIGN_STYLE = Automatic;
				INFOPLIST_FILE = "218485.BogusławMatysik.ios3Tests/Info.plist";
				IPHONEOS_DEPLOYMENT_TARGET = 13.5;
				LD_RUNPATH_SEARCH_PATHS = (
					"$(inherited)",
					"@executable_path/Frameworks",
					"@loader_path/Frameworks",
				);
				PRODUCT_BUNDLE_IDENTIFIER = "com.lab3.-18485-Bogus-awMatysik-ios3Tests";
				PRODUCT_NAME = "$(TARGET_NAME)";
				SWIFT_VERSION = 5.0;
				TARGETED_DEVICE_FAMILY = "1,2";
				TEST_HOST = "$(BUILT_PRODUCTS_DIR)/218485.BogusławMatysik.ios3.app/218485.BogusławMatysik.ios3";
			};
			name = Release;
		};
		AA5F7CA024830EFE0010DA7A /* Debug */ = {
			isa = XCBuildConfiguration;
			buildSettings = {
				ALWAYS_EMBED_SWIFT_STANDARD_LIBRARIES = YES;
				CODE_SIGN_STYLE = Automatic;
				INFOPLIST_FILE = "218485.BogusławMatysik.ios3UITests/Info.plist";
				LD_RUNPATH_SEARCH_PATHS = (
					"$(inherited)",
					"@executable_path/Frameworks",
					"@loader_path/Frameworks",
				);
				PRODUCT_BUNDLE_IDENTIFIER = "com.lab3.-18485-Bogus-awMatysik-ios3UITests";
				PRODUCT_NAME = "$(TARGET_NAME)";
				SWIFT_VERSION = 5.0;
				TARGETED_DEVICE_FAMILY = "1,2";
				TEST_TARGET_NAME = "218485.BogusławMatysik.ios3";
			};
			name = Debug;
		};
		AA5F7CA124830EFE0010DA7A /* Release */ = {
			isa = XCBuildConfiguration;
			buildSettings = {
				ALWAYS_EMBED_SWIFT_STANDARD_LIBRARIES = YES;
				CODE_SIGN_STYLE = Automatic;
				INFOPLIST_FILE = "218485.BogusławMatysik.ios3UITests/Info.plist";
				LD_RUNPATH_SEARCH_PATHS = (
					"$(inherited)",
					"@executable_path/Frameworks",
					"@loader_path/Frameworks",
				);
				PRODUCT_BUNDLE_IDENTIFIER = "com.lab3.-18485-Bogus-awMatysik-ios3UITests";
				PRODUCT_NAME = "$(TARGET_NAME)";
				SWIFT_VERSION = 5.0;
				TARGETED_DEVICE_FAMILY = "1,2";
				TEST_TARGET_NAME = "218485.BogusławMatysik.ios3";
			};
			name = Release;
		};
/* End XCBuildConfiguration section */

/* Begin XCConfigurationList section */
		AA5F7C6A24830EFC0010DA7A /* Build configuration list for PBXProject "218485.BogusławMatysik.ios3" */ = {
			isa = XCConfigurationList;
			buildConfigurations = (
				AA5F7C9724830EFE0010DA7A /* Debug */,
				AA5F7C9824830EFE0010DA7A /* Release */,
			);
			defaultConfigurationIsVisible = 0;
			defaultConfigurationName = Release;
		};
		AA5F7C9924830EFE0010DA7A /* Build configuration list for PBXNativeTarget "218485.BogusławMatysik.ios3" */ = {
			isa = XCConfigurationList;
			buildConfigurations = (
				AA5F7C9A24830EFE0010DA7A /* Debug */,
				AA5F7C9B24830EFE0010DA7A /* Release */,
			);
			defaultConfigurationIsVisible = 0;
			defaultConfigurationName = Release;
		};
		AA5F7C9C24830EFE0010DA7A /* Build configuration list for PBXNativeTarget "218485.BogusławMatysik.ios3Tests" */ = {
			isa = XCConfigurationList;
			buildConfigurations = (
				AA5F7C9D24830EFE0010DA7A /* Debug */,
				AA5F7C9E24830EFE0010DA7A /* Release */,
			);
			defaultConfigurationIsVisible = 0;
			defaultConfigurationName = Release;
		};
		AA5F7C9F24830EFE0010DA7A /* Build configuration list for PBXNativeTarget "218485.BogusławMatysik.ios3UITests" */ = {
			isa = XCConfigurationList;
			buildConfigurations = (
				AA5F7CA024830EFE0010DA7A /* Debug */,
				AA5F7CA124830EFE0010DA7A /* Release */,
			);
			defaultConfigurationIsVisible = 0;
			defaultConfigurationName = Release;
		};
/* End XCConfigurationList section */
	};
	rootObject = AA5F7C6724830EFC0010DA7A /* Project object */;
}
